
Microsoft Visual Studio Solution File, Format Version 12.00
# Visual Studio 15
Project("{FAE04EC0-301F-11D3-BF4B-00C04F79EFBC}") = "MovieSlicer", "MovieSlicer\MovieSlicer.csproj", "{12D9322D-1641-4CE5-997F-4F8ABEF75288}"
EndProject
Project("{FAE04EC0-301F-11D3-BF4B-00C04F79EFBC}") = "Satrex.FFMpeg", "FFMpeg\Satrex.FFMpeg.csproj", "{6E5C80BE-D67A-4C39-85BB-277823A12E44}"
EndProject
Global
	GlobalSection(SolutionConfigurationPlatforms) = preSolution
		Debug|x86 = Debug|x86
		Release|x86 = Release|x86
	EndGlobalSection
	GlobalSection(ProjectConfigurationPlatforms) = postSolution
		{12D9322D-1641-4CE5-997F-4F8ABEF75288}.Debug|x86.ActiveCfg = Debug|x86
		{12D9322D-1641-4CE5-997F-4F8ABEF75288}.Debug|x86.Build.0 = Debug|x86
		{12D9322D-1641-4CE5-997F-4F8ABEF75288}.Release|x86.ActiveCfg = Release|x86
		{12D9322D-1641-4CE5-997F-4F8ABEF75288}.Release|x86.Build.0 = Release|x86
		{6E5C80BE-D67A-4C39-85BB-277823A12E44}.Debug|x86.ActiveCfg = Debug|Any CPU
		{6E5C80BE-D67A-4C39-85BB-277823A12E44}.Debug|x86.Build.0 = Debug|Any CPU
		{6E5C80BE-D67A-4C39-85BB-277823A12E44}.Release|x86.ActiveCfg = Release|Any CPU
		{6E5C80BE-D67A-4C39-85BB-277823A12E44}.Release|x86.Build.0 = Release|Any CPU
	EndGlobalSection
EndGlobal
